
Microsoft Visual Studio Solution File, Format Version 12.00
# Visual Studio 2013
VisualStudioVersion = 12.0.30723.0
MinimumVisualStudioVersion = 10.0.40219.1
Project("{FAE04EC0-301F-11D3-BF4B-00C04F79EFBC}") = "Hobbyst", "Hobbyst\Hobbyst.csproj", "{57B1FFBE-00F9-4FFA-837F-A4938654802C}"
EndProject
Global
	GlobalSection(SolutionConfigurationPlatforms) = preSolution
		Debug|Any CPU = Debug|Any CPU
		Release|Any CPU = Release|Any CPU
	EndGlobalSection
	GlobalSection(ProjectConfigurationPlatforms) = postSolution
		{57B1FFBE-00F9-4FFA-837F-A4938654802C}.Debug|Any CPU.ActiveCfg = Debug|Any CPU
		{57B1FFBE-00F9-4FFA-837F-A4938654802C}.Debug|Any CPU.Build.0 = Debug|Any CPU
		{57B1FFBE-00F9-4FFA-837F-A4938654802C}.Release|Any CPU.ActiveCfg = Release|Any CPU
		{57B1FFBE-00F9-4FFA-837F-A4938654802C}.Release|Any CPU.Build.0 = Release|Any CPU
	EndGlobalSection
	GlobalSection(SolutionProperties) = preSolution
		HideSolutionNode = FALSE
	EndGlobalSection
EndGlobal
